
Microsoft Visual Studio Solution File, Format Version 12.00
# Visual Studio Version 17
VisualStudioVersion = 17.0.31903.59
MinimumVisualStudioVersion = 10.0.40219.1
Project("{FAE04EC0-301F-11D3-BF4B-00C04F79EFBC}") = "Flux.Bootstrapper.Core", "Flux.Bootstrapper.Core\Flux.Bootstrapper.Core.csproj", "{9C52BF0A-16BE-4ECF-A275-6E0C0876DF6A}"
EndProject
Project("{FAE04EC0-301F-11D3-BF4B-00C04F79EFBC}") = "Flux.Bootstrapper.CLI", "Flux.Bootstrapper.CLI\Flux.Bootstrapper.CLI.csproj", "{96BFB0AA-D71D-4301-8EF8-D1D7428FE837}"
EndProject
Global
	GlobalSection(SolutionConfigurationPlatforms) = preSolution
		Debug|Any CPU = Debug|Any CPU
		Release|Any CPU = Release|Any CPU
	EndGlobalSection
	GlobalSection(SolutionProperties) = preSolution
		HideSolutionNode = FALSE
	EndGlobalSection
	GlobalSection(ProjectConfigurationPlatforms) = postSolution
		{9C52BF0A-16BE-4ECF-A275-6E0C0876DF6A}.Debug|Any CPU.ActiveCfg = Debug|Any CPU
		{9C52BF0A-16BE-4ECF-A275-6E0C0876DF6A}.Debug|Any CPU.Build.0 = Debug|Any CPU
		{9C52BF0A-16BE-4ECF-A275-6E0C0876DF6A}.Release|Any CPU.ActiveCfg = Release|Any CPU
		{9C52BF0A-16BE-4ECF-A275-6E0C0876DF6A}.Release|Any CPU.Build.0 = Release|Any CPU
		{96BFB0AA-D71D-4301-8EF8-D1D7428FE837}.Debug|Any CPU.ActiveCfg = Debug|Any CPU
		{96BFB0AA-D71D-4301-8EF8-D1D7428FE837}.Debug|Any CPU.Build.0 = Debug|Any CPU
		{96BFB0AA-D71D-4301-8EF8-D1D7428FE837}.Release|Any CPU.ActiveCfg = Release|Any CPU
		{96BFB0AA-D71D-4301-8EF8-D1D7428FE837}.Release|Any CPU.Build.0 = Release|Any CPU
	EndGlobalSection
EndGlobal
